
Microsoft Visual Studio Solution File, Format Version 12.00
# Visual Studio Version 17
VisualStudioVersion = 17.6.33723.286
MinimumVisualStudioVersion = 10.0.40219.1
Project("{FAE04EC0-301F-11D3-BF4B-00C04F79EFBC}") = "homeWork1", "homeWork1\homeWork1.csproj", "{B7939151-BADA-4AE0-A190-6B58931C5EA7}"
EndProject
Global
	GlobalSection(SolutionConfigurationPlatforms) = preSolution
		Debug|Any CPU = Debug|Any CPU
		Release|Any CPU = Release|Any CPU
	EndGlobalSection
	GlobalSection(ProjectConfigurationPlatforms) = postSolution
		{B7939151-BADA-4AE0-A190-6B58931C5EA7}.Debug|Any CPU.ActiveCfg = Debug|Any CPU
		{B7939151-BADA-4AE0-A190-6B58931C5EA7}.Debug|Any CPU.Build.0 = Debug|Any CPU
		{B7939151-BADA-4AE0-A190-6B58931C5EA7}.Release|Any CPU.ActiveCfg = Release|Any CPU
		{B7939151-BADA-4AE0-A190-6B58931C5EA7}.Release|Any CPU.Build.0 = Release|Any CPU
	EndGlobalSection
	GlobalSection(SolutionProperties) = preSolution
		HideSolutionNode = FALSE
	EndGlobalSection
	GlobalSection(ExtensibilityGlobals) = postSolution
		SolutionGuid = {AB7819BC-A8B0-4A83-B7F7-521F9F1AE2CB}
	EndGlobalSection
EndGlobal
